{
  "version": 4,
  "terraform_version": "1.14.6",
  "serial": 3,
  "lineage": "a3dfe0b3-f841-b7b8-787c-a43bfb7e01b3",
  "outputs": {
    "keyshift_ip": {
      "value": "192.168.5.44/24",
      "type": "string"
    }
  },
  "resources": [
    {
      "module": "module.keyshift_vm",
      "mode": "managed",
      "type": "proxmox_virtual_environment_vm",
      "name": "docker_vm",
      "provider": "provider[\"registry.terraform.io/bpg/proxmox\"]",
      "instances": [
        {
          "index_key": 0,
          "schema_version": 0,
          "attributes": {
            "acpi": true,
            "agent": [
              {
                "enabled": true,
                "timeout": "15m",
                "trim": false,
                "type": "virtio",
                "wait_for_ip": []
              }
            ],
            "amd_sev": [],
            "audio_device": [],
            "bios": "seabios",
            "boot_order": [],
            "cdrom": [],
            "clone": [
              {
                "datastore_id": "",
                "full": true,
                "node_name": "",
                "retries": 1,
                "vm_id": 9000
              }
            ],
            "cpu": [
              {
                "affinity": "",
                "architecture": "",
                "cores": 2,
                "flags": null,
                "hotplugged": 0,
                "limit": 0,
                "numa": false,
                "sockets": 1,
                "type": "x86-64-v2-AES",
                "units": 0
              }
            ],
            "delete_unreferenced_disks_on_destroy": true,
            "description": null,
            "disk": [
              {
                "aio": "io_uring",
                "backup": true,
                "cache": "none",
                "datastore_id": "local-lvm",
                "discard": "ignore",
                "file_format": "raw",
                "file_id": "",
                "import_from": "",
                "interface": "scsi0",
                "iothread": false,
                "path_in_datastore": "vm-100-disk-0",
                "replicate": true,
                "serial": "",
                "size": 24,
                "speed": [],
                "ssd": false
              }
            ],
            "efi_disk": [],
            "hook_script_file_id": null,
            "hostpci": [],
            "hotplug": null,
            "id": "100",
            "initialization": [
              {
                "datastore_id": "local-lvm",
                "dns": [
                  {
                    "domain": "",
                    "servers": [
                      "192.168.5.5",
                      "192.168.5.6"
                    ]
                  }
                ],
                "file_format": "",
                "interface": "ide2",
                "ip_config": [
                  {
                    "ipv4": [
                      {
                        "address": "192.168.5.44/24",
                        "gateway": "192.168.5.1"
                      }
                    ],
                    "ipv6": []
                  }
                ],
                "meta_data_file_id": "",
                "network_data_file_id": "",
                "type": "",
                "user_account": [
                  {
                    "keys": [
                      "ssh-ed25519 AAAAC3NzaC1lZDI1NTE5AAAAIAlqJZrcj9rFZjPoqZ5cm9OL9a1JKstvMplYdSKZ8P7N proxmox-terraform"
                    ],
                    "password": "",
                    "username": "ubuntu"
                  }
                ],
                "user_data_file_id": "",
                "vendor_data_file_id": ""
              }
            ],
            "ipv4_addresses": [
              [
                "127.0.0.1"
              ],
              [
                "192.168.5.44"
              ]
            ],
            "ipv6_addresses": [
              [
                "::1"
              ],
              [
                "fe80::be24:11ff:fed2:c7ee"
              ]
            ],
            "keyboard_layout": "en-us",
            "kvm_arguments": null,
            "mac_addresses": [
              "00:00:00:00:00:00",
              "BC:24:11:D2:C7:EE"
            ],
            "machine": null,
            "memory": [
              {
                "dedicated": 2048,
                "floating": 0,
                "hugepages": "",
                "keep_hugepages": false,
                "shared": 0
              }
            ],
            "migrate": false,
            "name": "docker-dev-1",
            "network_device": [
              {
                "bridge": "vmbr0",
                "disconnected": false,
                "enabled": true,
                "firewall": false,
                "mac_address": "BC:24:11:D2:C7:EE",
                "model": "virtio",
                "mtu": 0,
                "queues": 0,
                "rate_limit": 0,
                "trunks": "",
                "vlan_id": 5
              }
            ],
            "network_interface_names": [
              "lo",
              "eth0"
            ],
            "node_name": "toothless",
            "numa": [],
            "on_boot": true,
            "operating_system": [],
            "pool_id": "",
            "protection": false,
            "purge_on_destroy": true,
            "reboot": false,
            "reboot_after_update": true,
            "rng": [],
            "scsi_hardware": "virtio-scsi-pci",
            "serial_device": [],
            "smbios": [],
            "started": true,
            "startup": [],
            "stop_on_destroy": false,
            "tablet_device": true,
            "tags": null,
            "template": false,
            "timeout_clone": 1800,
            "timeout_create": 1800,
            "timeout_migrate": 1800,
            "timeout_move_disk": 1800,
            "timeout_reboot": 1800,
            "timeout_shutdown_vm": 1800,
            "timeout_start_vm": 1800,
            "timeout_stop_vm": 300,
            "tpm_state": [],
            "usb": [],
            "vga": [
              {
                "clipboard": "",
                "memory": 16,
                "type": "serial0"
              }
            ],
            "virtiofs": [],
            "vm_id": 100,
            "watchdog": []
          },
          "sensitive_attributes": [
            [
              {
                "type": "get_attr",
                "value": "initialization"
              },
              {
                "type": "index",
                "value": {
                  "value": 0,
                  "type": "number"
                }
              },
              {
                "type": "get_attr",
                "value": "user_account"
              },
              {
                "type": "index",
                "value": {
                  "value": 0,
                  "type": "number"
                }
              },
              {
                "type": "get_attr",
                "value": "password"
              }
            ]
          ],
          "identity_schema_version": 0,
          "private": "bnVsbA=="
        }
      ]
    }
  ],
  "check_results": null
}
